<?xml version="1.0" encoding="utf-8"?>
<Project ToolsVersion="4.0" xmlns="http://schemas.microsoft.com/developer/msbuild/2003">
  <ItemGroup>
    <Filter Include="소스 파일">
      <UniqueIdentifier>{4FC737F1-C7A5-4376-A066-2A32D752A2FF}</UniqueIdentifier>
      <Extensions>cpp;c;cc;cxx;c++;cppm;ixx;def;odl;idl;hpj;bat;asm;asmx</Extensions>
    </Filter>
    <Filter Include="리소스 파일">
      <UniqueIdentifier>{67DA6AB6-F800-4c08-8B7A-83BB121AAD01}</UniqueIdentifier>
      <Extensions>rc;ico;cur;bmp;dlg;rc2;rct;bin;rgs;gif;jpg;jpeg;jpe;resx;tiff;tif;png;wav;mfcribbon-ms</Extensions>
    </Filter>
    <Filter Include="Player">
      <UniqueIdentifier>{284504f7-4d83-4346-bac5-af985a7ecd2d}</UniqueIdentifier>
    </Filter>
    <Filter Include="Utils">
      <UniqueIdentifier>{0aa1871b-92ec-441f-bc3a-051f153d7a17}</UniqueIdentifier>
    </Filter>
    <Filter Include="zombie">
      <UniqueIdentifier>{14a08e57-897b-4193-be25-d03b82196292}</UniqueIdentifier>
    </Filter>
    <Filter Include="Bullet">
      <UniqueIdentifier>{51ea0bea-017b-41bf-853f-f5c9d42190b7}</UniqueIdentifier>
    </Filter>
  </ItemGroup>
  <ItemGroup>
    <ClCompile Include="SOURCE\player\Player.cpp">
      <Filter>Player</Filter>
    </ClCompile>
    <ClCompile Include="SOURCE\zombie-arena.cpp">
      <Filter>소스 파일</Filter>
    </ClCompile>
    <ClCompile Include="SOURCE\Utils\Utils.cpp">
      <Filter>Utils</Filter>
    </ClCompile>
    <ClCompile Include="SOURCE\Utils\InputManager.cpp">
      <Filter>Utils</Filter>
    </ClCompile>
    <ClCompile Include="SOURCE\Utils\TextureHolder.cpp">
      <Filter>Utils</Filter>
    </ClCompile>
    <ClCompile Include="SOURCE\zombie\Zombie.cpp">
      <Filter>zombie</Filter>
    </ClCompile>
    <ClCompile Include="SOURCE\Bullet\Bullet.cpp">
      <Filter>Bullet</Filter>
    </ClCompile>
    <ClCompile Include="SOURCE\Utils\PickUp.cpp">
      <Filter>Utils</Filter>
    </ClCompile>
  </ItemGroup>
  <ItemGroup>
    <ClInclude Include="SOURCE\Utils\Utils.h">
      <Filter>Utils</Filter>
    </ClInclude>
    <ClInclude Include="SOURCE\player\Player.h">
      <Filter>Player</Filter>
    </ClInclude>
    <ClInclude Include="SOURCE\Utils\InputManager.h">
      <Filter>Utils</Filter>
    </ClInclude>
    <ClInclude Include="SOURCE\Utils\TextureHolder.h">
      <Filter>Utils</Filter>
    </ClInclude>
    <ClInclude Include="SOURCE\zombie\Zombie.h">
      <Filter>zombie</Filter>
    </ClInclude>
    <ClInclude Include="SOURCE\Bullet\Bullet.h">
      <Filter>Bullet</Filter>
    </ClInclude>
    <ClInclude Include="SOURCE\Utils\PickUp.h">
      <Filter>Utils</Filter>
    </ClInclude>
  </ItemGroup>
</Project>